
Microsoft Visual Studio Solution File, Format Version 12.00
# Visual Studio Version 17
VisualStudioVersion = 17.3.32825.248
MinimumVisualStudioVersion = 10.0.40219.1
Project("{9A19103F-16F7-4668-BE54-9A1E7A4F7556}") = "Bumbo", "Bumbo\Bumbo.csproj", "{F5A39451-A8D9-41AF-8B39-128FD174E496}"
EndProject
Project("{9A19103F-16F7-4668-BE54-9A1E7A4F7556}") = "BumboData", "BumboData\BumboData.csproj", "{6EC761A3-7DB3-4343-A708-134235B638CF}"
EndProject
Project("{9A19103F-16F7-4668-BE54-9A1E7A4F7556}") = "BumboRepositories", "BumboRepositories\BumboRepositories.csproj", "{3223D8D6-22A3-4E9B-8AA7-7D0BC22672A2}"
EndProject
Project("{FAE04EC0-301F-11D3-BF4B-00C04F79EFBC}") = "BumboServices", "BumboServices\BumboServices.csproj", "{FE5FAD97-1B95-4EEB-9215-424F5CDB7B4A}"
EndProject
Global
	GlobalSection(SolutionConfigurationPlatforms) = preSolution
		Debug|Any CPU = Debug|Any CPU
		Release|Any CPU = Release|Any CPU
	EndGlobalSection
	GlobalSection(ProjectConfigurationPlatforms) = postSolution
		{F5A39451-A8D9-41AF-8B39-128FD174E496}.Debug|Any CPU.ActiveCfg = Debug|Any CPU
		{F5A39451-A8D9-41AF-8B39-128FD174E496}.Debug|Any CPU.Build.0 = Debug|Any CPU
		{F5A39451-A8D9-41AF-8B39-128FD174E496}.Release|Any CPU.ActiveCfg = Release|Any CPU
		{F5A39451-A8D9-41AF-8B39-128FD174E496}.Release|Any CPU.Build.0 = Release|Any CPU
		{6EC761A3-7DB3-4343-A708-134235B638CF}.Debug|Any CPU.ActiveCfg = Debug|Any CPU
		{6EC761A3-7DB3-4343-A708-134235B638CF}.Debug|Any CPU.Build.0 = Debug|Any CPU
		{6EC761A3-7DB3-4343-A708-134235B638CF}.Release|Any CPU.ActiveCfg = Release|Any CPU
		{6EC761A3-7DB3-4343-A708-134235B638CF}.Release|Any CPU.Build.0 = Release|Any CPU
		{3223D8D6-22A3-4E9B-8AA7-7D0BC22672A2}.Debug|Any CPU.ActiveCfg = Debug|Any CPU
		{3223D8D6-22A3-4E9B-8AA7-7D0BC22672A2}.Debug|Any CPU.Build.0 = Debug|Any CPU
		{3223D8D6-22A3-4E9B-8AA7-7D0BC22672A2}.Release|Any CPU.ActiveCfg = Release|Any CPU
		{3223D8D6-22A3-4E9B-8AA7-7D0BC22672A2}.Release|Any CPU.Build.0 = Release|Any CPU
		{FE5FAD97-1B95-4EEB-9215-424F5CDB7B4A}.Debug|Any CPU.ActiveCfg = Debug|Any CPU
		{FE5FAD97-1B95-4EEB-9215-424F5CDB7B4A}.Debug|Any CPU.Build.0 = Debug|Any CPU
		{FE5FAD97-1B95-4EEB-9215-424F5CDB7B4A}.Release|Any CPU.ActiveCfg = Release|Any CPU
		{FE5FAD97-1B95-4EEB-9215-424F5CDB7B4A}.Release|Any CPU.Build.0 = Release|Any CPU
	EndGlobalSection
	GlobalSection(SolutionProperties) = preSolution
		HideSolutionNode = FALSE
	EndGlobalSection
	GlobalSection(ExtensibilityGlobals) = postSolution
		SolutionGuid = {603B9E2D-0B44-4558-9172-839C101B5DFE}
	EndGlobalSection
EndGlobal
